// !$*UTF8*$!
{
	archiveVersion = 1;
	classes = {
	};
	objectVersion = 56;
	objects = {

/* Begin PBXBuildFile section */
		0A84CA9A2BBCC8A700BF1CE1 /* trail.png in Resources */ = {isa = PBXBuildFile; fileRef = 0A84CA992BBCC8A700BF1CE1 /* trail.png */; };
		3650F06D2B6AEE780076D527 /* Project_ForefrontApp.swift in Sources */ = {isa = PBXBuildFile; fileRef = 3650F06C2B6AEE780076D527 /* Project_ForefrontApp.swift */; };
		3650F06F2B6AEE780076D527 /* ContentView.swift in Sources */ = {isa = PBXBuildFile; fileRef = 3650F06E2B6AEE780076D527 /* ContentView.swift */; };
		3650F0712B6AEE7A0076D527 /* Assets.xcassets in Resources */ = {isa = PBXBuildFile; fileRef = 3650F0702B6AEE7A0076D527 /* Assets.xcassets */; };
		3650F0742B6AEE7A0076D527 /* Preview Assets.xcassets in Resources */ = {isa = PBXBuildFile; fileRef = 3650F0732B6AEE7A0076D527 /* Preview Assets.xcassets */; };
		36D6384F2BBA697300B8913C /* BGSong.mp3 in Resources */ = {isa = PBXBuildFile; fileRef = 36D6384E2BBA697300B8913C /* BGSong.mp3 */; };
		36D6385A2BBBCCD500B8913C /* TankMoving.mp3 in Resources */ = {isa = PBXBuildFile; fileRef = 36D638592BBBCCD500B8913C /* TankMoving.mp3 */; };
		36D6385C2BBBCE8A00B8913C /* woosh.mp3 in Resources */ = {isa = PBXBuildFile; fileRef = 36D6385B2BBBCE8A00B8913C /* woosh.mp3 */; };
		36D6385E2BBBD06200B8913C /* Shoot.mp3 in Resources */ = {isa = PBXBuildFile; fileRef = 36D6385D2BBBD06200B8913C /* Shoot.mp3 */; };
		36D638602BBBD1D300B8913C /* explosion.wav in Resources */ = {isa = PBXBuildFile; fileRef = 36D6385F2BBBD1D300B8913C /* explosion.wav */; };
		5804254F2BB8C55F000C5FD1 /* GameViewController.swift in Sources */ = {isa = PBXBuildFile; fileRef = 5804254E2BB8C55F000C5FD1 /* GameViewController.swift */; };
		589E76D12BBA16EF0056C2B2 /* StatsScene.swift in Sources */ = {isa = PBXBuildFile; fileRef = 589E76D02BBA16EF0056C2B2 /* StatsScene.swift */; };
		589E76D32BBA1FDF0056C2B2 /* StatsSceneViewModel.swift in Sources */ = {isa = PBXBuildFile; fileRef = 589E76D22BBA1FDF0056C2B2 /* StatsSceneViewModel.swift */; };
		CECB836F2B7C279C00BF993D /* SceneKitView.swift in Sources */ = {isa = PBXBuildFile; fileRef = CECB836E2B7C279C00BF993D /* SceneKitView.swift */; };
		CECB83712B7C28DA00BF993D /* MainScene.swift in Sources */ = {isa = PBXBuildFile; fileRef = CECB83702B7C28DA00BF993D /* MainScene.swift */; };
		CECB83732B7C3B3900BF993D /* MainSceneViewModel.swift in Sources */ = {isa = PBXBuildFile; fileRef = CECB83722B7C3B3900BF993D /* MainSceneViewModel.swift */; };
		CECC0F392B980B4D00EA0F02 /* PhysicsCategory.swift in Sources */ = {isa = PBXBuildFile; fileRef = CECC0F382B980B4D00EA0F02 /* PhysicsCategory.swift */; };
		CED7B1AD2BB7BDA800E71297 /* Projectile.swift in Sources */ = {isa = PBXBuildFile; fileRef = CED7B1AC2BB7BDA800E71297 /* Projectile.swift */; };
		CED7B1ED2BBA599400E71297 /* background-612x612.jpg in Resources */ = {isa = PBXBuildFile; fileRef = CED7B1EC2BBA599400E71297 /* background-612x612.jpg */; };
		CEE97D0E2B8F8F37002F0962 /* Level.swift in Sources */ = {isa = PBXBuildFile; fileRef = CEE97D0D2B8F8F37002F0962 /* Level.swift */; };
		CEE97D102B8FD052002F0962 /* LevelSquare.swift in Sources */ = {isa = PBXBuildFile; fileRef = CEE97D0F2B8FD052002F0962 /* LevelSquare.swift */; };
		CEFFD4D62B7CFC9C0027C549 /* Tank.swift in Sources */ = {isa = PBXBuildFile; fileRef = CEFFD4D52B7CFC9C0027C549 /* Tank.swift */; };
/* End PBXBuildFile section */

/* Begin PBXFileReference section */
		0A84CA992BBCC8A700BF1CE1 /* trail.png */ = {isa = PBXFileReference; lastKnownFileType = image.png; path = trail.png; sourceTree = "<group>"; };
		3650F0692B6AEE780076D527 /* Project Forefront.app */ = {isa = PBXFileReference; explicitFileType = wrapper.application; includeInIndex = 0; path = "Project Forefront.app"; sourceTree = BUILT_PRODUCTS_DIR; };
		3650F06C2B6AEE780076D527 /* Project_ForefrontApp.swift */ = {isa = PBXFileReference; lastKnownFileType = sourcecode.swift; path = Project_ForefrontApp.swift; sourceTree = "<group>"; };
		3650F06E2B6AEE780076D527 /* ContentView.swift */ = {isa = PBXFileReference; lastKnownFileType = sourcecode.swift; path = ContentView.swift; sourceTree = "<group>"; };
		3650F0702B6AEE7A0076D527 /* Assets.xcassets */ = {isa = PBXFileReference; lastKnownFileType = folder.assetcatalog; path = Assets.xcassets; sourceTree = "<group>"; };
		3650F0732B6AEE7A0076D527 /* Preview Assets.xcassets */ = {isa = PBXFileReference; lastKnownFileType = folder.assetcatalog; path = "Preview Assets.xcassets"; sourceTree = "<group>"; };
		36D6384E2BBA697300B8913C /* BGSong.mp3 */ = {isa = PBXFileReference; lastKnownFileType = audio.mp3; path = BGSong.mp3; sourceTree = "<group>"; };
		36D638592BBBCCD500B8913C /* TankMoving.mp3 */ = {isa = PBXFileReference; lastKnownFileType = audio.mp3; path = TankMoving.mp3; sourceTree = "<group>"; };
		36D6385B2BBBCE8A00B8913C /* woosh.mp3 */ = {isa = PBXFileReference; lastKnownFileType = audio.mp3; path = woosh.mp3; sourceTree = "<group>"; };
		36D6385D2BBBD06200B8913C /* Shoot.mp3 */ = {isa = PBXFileReference; lastKnownFileType = audio.mp3; path = Shoot.mp3; sourceTree = "<group>"; };
		36D6385F2BBBD1D300B8913C /* explosion.wav */ = {isa = PBXFileReference; lastKnownFileType = audio.wav; path = explosion.wav; sourceTree = "<group>"; };
		5804254E2BB8C55F000C5FD1 /* GameViewController.swift */ = {isa = PBXFileReference; lastKnownFileType = sourcecode.swift; path = GameViewController.swift; sourceTree = "<group>"; };
		589E76D02BBA16EF0056C2B2 /* StatsScene.swift */ = {isa = PBXFileReference; lastKnownFileType = sourcecode.swift; path = StatsScene.swift; sourceTree = "<group>"; };
		589E76D22BBA1FDF0056C2B2 /* StatsSceneViewModel.swift */ = {isa = PBXFileReference; lastKnownFileType = sourcecode.swift; path = StatsSceneViewModel.swift; sourceTree = "<group>"; };
		CECB836E2B7C279C00BF993D /* SceneKitView.swift */ = {isa = PBXFileReference; lastKnownFileType = sourcecode.swift; path = SceneKitView.swift; sourceTree = "<group>"; };
		CECB83702B7C28DA00BF993D /* MainScene.swift */ = {isa = PBXFileReference; lastKnownFileType = sourcecode.swift; path = MainScene.swift; sourceTree = "<group>"; };
		CECB83722B7C3B3900BF993D /* MainSceneViewModel.swift */ = {isa = PBXFileReference; lastKnownFileType = sourcecode.swift; path = MainSceneViewModel.swift; sourceTree = "<group>"; };
		CECC0F382B980B4D00EA0F02 /* PhysicsCategory.swift */ = {isa = PBXFileReference; lastKnownFileType = sourcecode.swift; path = PhysicsCategory.swift; sourceTree = "<group>"; };
		CED7B1AC2BB7BDA800E71297 /* Projectile.swift */ = {isa = PBXFileReference; lastKnownFileType = sourcecode.swift; path = Projectile.swift; sourceTree = "<group>"; };
		CED7B1EC2BBA599400E71297 /* background-612x612.jpg */ = {isa = PBXFileReference; lastKnownFileType = image.jpeg; path = "background-612x612.jpg"; sourceTree = "<group>"; };
		CEE97D0D2B8F8F37002F0962 /* Level.swift */ = {isa = PBXFileReference; lastKnownFileType = sourcecode.swift; path = Level.swift; sourceTree = "<group>"; };
		CEE97D0F2B8FD052002F0962 /* LevelSquare.swift */ = {isa = PBXFileReference; lastKnownFileType = sourcecode.swift; path = LevelSquare.swift; sourceTree = "<group>"; };
		CEFFD4D52B7CFC9C0027C549 /* Tank.swift */ = {isa = PBXFileReference; lastKnownFileType = sourcecode.swift; path = Tank.swift; sourceTree = "<group>"; };
/* End PBXFileReference section */

/* Begin PBXFrameworksBuildPhase section */
		3650F0662B6AEE780076D527 /* Frameworks */ = {
			isa = PBXFrameworksBuildPhase;
			buildActionMask = 2147483647;
			files = (
			);
			runOnlyForDeploymentPostprocessing = 0;
		};
/* End PBXFrameworksBuildPhase section */

/* Begin PBXGroup section */
		3650F0602B6AEE780076D527 = {
			isa = PBXGroup;
			children = (
				3650F06B2B6AEE780076D527 /* Project Forefront */,
				3650F06A2B6AEE780076D527 /* Products */,
			);
			sourceTree = "<group>";
		};
		3650F06A2B6AEE780076D527 /* Products */ = {
			isa = PBXGroup;
			children = (
				3650F0692B6AEE780076D527 /* Project Forefront.app */,
			);
			name = Products;
			sourceTree = "<group>";
		};
		3650F06B2B6AEE780076D527 /* Project Forefront */ = {
			isa = PBXGroup;
			children = (
				3650F06C2B6AEE780076D527 /* Project_ForefrontApp.swift */,
				5804254E2BB8C55F000C5FD1 /* GameViewController.swift */,
				3650F06E2B6AEE780076D527 /* ContentView.swift */,
				CECB83722B7C3B3900BF993D /* MainSceneViewModel.swift */,
				CECB836E2B7C279C00BF993D /* SceneKitView.swift */,
				589E76D02BBA16EF0056C2B2 /* StatsScene.swift */,
				CECB83702B7C28DA00BF993D /* MainScene.swift */,
				CED7B1EC2BBA599400E71297 /* background-612x612.jpg */,
				CED7B1AC2BB7BDA800E71297 /* Projectile.swift */,
				CEFFD4D52B7CFC9C0027C549 /* Tank.swift */,
				CEE97D0D2B8F8F37002F0962 /* Level.swift */,
				CECC0F382B980B4D00EA0F02 /* PhysicsCategory.swift */,
				CEE97D0F2B8FD052002F0962 /* LevelSquare.swift */,
				3650F0702B6AEE7A0076D527 /* Assets.xcassets */,
				0A84CA992BBCC8A700BF1CE1 /* trail.png */,
				36D638502BBA699700B8913C /* Audio */,
				3650F0722B6AEE7A0076D527 /* Preview Content */,
				589E76D22BBA1FDF0056C2B2 /* StatsSceneViewModel.swift */,
			);
			path = "Project Forefront";
			sourceTree = "<group>";
		};
		3650F0722B6AEE7A0076D527 /* Preview Content */ = {
			isa = PBXGroup;
			children = (
				3650F0732B6AEE7A0076D527 /* Preview Assets.xcassets */,
			);
			path = "Preview Content";
			sourceTree = "<group>";
		};
		36D638502BBA699700B8913C /* Audio */ = {
			isa = PBXGroup;
			children = (
				36D6385F2BBBD1D300B8913C /* explosion.wav */,
				36D6384E2BBA697300B8913C /* BGSong.mp3 */,
				36D638592BBBCCD500B8913C /* TankMoving.mp3 */,
				36D6385B2BBBCE8A00B8913C /* woosh.mp3 */,
				36D6385D2BBBD06200B8913C /* Shoot.mp3 */,
			);
			path = Audio;
			sourceTree = "<group>";
		};
/* End PBXGroup section */

/* Begin PBXNativeTarget section */
		3650F0682B6AEE780076D527 /* Project Forefront */ = {
			isa = PBXNativeTarget;
			buildConfigurationList = 3650F0772B6AEE7A0076D527 /* Build configuration list for PBXNativeTarget "Project Forefront" */;
			buildPhases = (
				3650F0652B6AEE780076D527 /* Sources */,
				3650F0662B6AEE780076D527 /* Frameworks */,
				3650F0672B6AEE780076D527 /* Resources */,
			);
			buildRules = (
			);
			dependencies = (
			);
			name = "Project Forefront";
			productName = "Project Forefront";
			productReference = 3650F0692B6AEE780076D527 /* Project Forefront.app */;
			productType = "com.apple.product-type.application";
		};
/* End PBXNativeTarget section */

/* Begin PBXProject section */
		3650F0612B6AEE780076D527 /* Project object */ = {
			isa = PBXProject;
			attributes = {
				BuildIndependentTargetsInParallel = 1;
				LastSwiftUpdateCheck = 1520;
				LastUpgradeCheck = 1520;
				TargetAttributes = {
					3650F0682B6AEE780076D527 = {
						CreatedOnToolsVersion = 15.2;
					};
				};
			};
			buildConfigurationList = 3650F0642B6AEE780076D527 /* Build configuration list for PBXProject "Project Forefront" */;
			compatibilityVersion = "Xcode 14.0";
			developmentRegion = en;
			hasScannedForEncodings = 0;
			knownRegions = (
				en,
				Base,
			);
			mainGroup = 3650F0602B6AEE780076D527;
			productRefGroup = 3650F06A2B6AEE780076D527 /* Products */;
			projectDirPath = "";
			projectRoot = "";
			targets = (
				3650F0682B6AEE780076D527 /* Project Forefront */,
			);
		};
/* End PBXProject section */

/* Begin PBXResourcesBuildPhase section */
		3650F0672B6AEE780076D527 /* Resources */ = {
			isa = PBXResourcesBuildPhase;
			buildActionMask = 2147483647;
			files = (
				0A84CA9A2BBCC8A700BF1CE1 /* trail.png in Resources */,
				36D6385A2BBBCCD500B8913C /* TankMoving.mp3 in Resources */,
				3650F0742B6AEE7A0076D527 /* Preview Assets.xcassets in Resources */,
				36D638602BBBD1D300B8913C /* explosion.wav in Resources */,
				36D6385E2BBBD06200B8913C /* Shoot.mp3 in Resources */,
				36D6384F2BBA697300B8913C /* BGSong.mp3 in Resources */,
				3650F0712B6AEE7A0076D527 /* Assets.xcassets in Resources */,
				36D6385C2BBBCE8A00B8913C /* woosh.mp3 in Resources */,
				3650F0712B6AEE7A0076D527 /* Assets.xcassets in Resources */,
				CED7B1ED2BBA599400E71297 /* background-612x612.jpg in Resources */,
			);
			runOnlyForDeploymentPostprocessing = 0;
		};
/* End PBXResourcesBuildPhase section */

/* Begin PBXSourcesBuildPhase section */
		3650F0652B6AEE780076D527 /* Sources */ = {
			isa = PBXSourcesBuildPhase;
			buildActionMask = 2147483647;
			files = (
				5804254F2BB8C55F000C5FD1 /* GameViewController.swift in Sources */,
				CED7B1AD2BB7BDA800E71297 /* Projectile.swift in Sources */,
				3650F06F2B6AEE780076D527 /* ContentView.swift in Sources */,
				589E76D12BBA16EF0056C2B2 /* StatsScene.swift in Sources */,
				CEFFD4D62B7CFC9C0027C549 /* Tank.swift in Sources */,
				CEE97D0E2B8F8F37002F0962 /* Level.swift in Sources */,
				CECC0F392B980B4D00EA0F02 /* PhysicsCategory.swift in Sources */,
				CECB83712B7C28DA00BF993D /* MainScene.swift in Sources */,
				3650F06D2B6AEE780076D527 /* Project_ForefrontApp.swift in Sources */,
				CEE97D102B8FD052002F0962 /* LevelSquare.swift in Sources */,
				589E76D32BBA1FDF0056C2B2 /* StatsSceneViewModel.swift in Sources */,
				CECB836F2B7C279C00BF993D /* SceneKitView.swift in Sources */,
				CECB83732B7C3B3900BF993D /* MainSceneViewModel.swift in Sources */,
			);
			runOnlyForDeploymentPostprocessing = 0;
		};
/* End PBXSourcesBuildPhase section */

/* Begin XCBuildConfiguration section */
		3650F0752B6AEE7A0076D527 /* Debug */ = {
			isa = XCBuildConfiguration;
			buildSettings = {
				ALWAYS_SEARCH_USER_PATHS = NO;
				ASSETCATALOG_COMPILER_GENERATE_SWIFT_ASSET_SYMBOL_EXTENSIONS = YES;
				CLANG_ANALYZER_NONNULL = YES;
				CLANG_ANALYZER_NUMBER_OBJECT_CONVERSION = YES_AGGRESSIVE;
				CLANG_CXX_LANGUAGE_STANDARD = "gnu++20";
				CLANG_ENABLE_MODULES = YES;
				CLANG_ENABLE_OBJC_ARC = YES;
				CLANG_ENABLE_OBJC_WEAK = YES;
				CLANG_WARN_BLOCK_CAPTURE_AUTORELEASING = YES;
				CLANG_WARN_BOOL_CONVERSION = YES;
				CLANG_WARN_COMMA = YES;
				CLANG_WARN_CONSTANT_CONVERSION = YES;
				CLANG_WARN_DEPRECATED_OBJC_IMPLEMENTATIONS = YES;
				CLANG_WARN_DIRECT_OBJC_ISA_USAGE = YES_ERROR;
				CLANG_WARN_DOCUMENTATION_COMMENTS = YES;
				CLANG_WARN_EMPTY_BODY = YES;
				CLANG_WARN_ENUM_CONVERSION = YES;
				CLANG_WARN_INFINITE_RECURSION = YES;
				CLANG_WARN_INT_CONVERSION = YES;
				CLANG_WARN_NON_LITERAL_NULL_CONVERSION = YES;
				CLANG_WARN_OBJC_IMPLICIT_RETAIN_SELF = YES;
				CLANG_WARN_OBJC_LITERAL_CONVERSION = YES;
				CLANG_WARN_OBJC_ROOT_CLASS = YES_ERROR;
				CLANG_WARN_QUOTED_INCLUDE_IN_FRAMEWORK_HEADER = YES;
				CLANG_WARN_RANGE_LOOP_ANALYSIS = YES;
				CLANG_WARN_STRICT_PROTOTYPES = YES;
				CLANG_WARN_SUSPICIOUS_MOVE = YES;
				CLANG_WARN_UNGUARDED_AVAILABILITY = YES_AGGRESSIVE;
				CLANG_WARN_UNREACHABLE_CODE = YES;
				CLANG_WARN__DUPLICATE_METHOD_MATCH = YES;
				COPY_PHASE_STRIP = NO;
				DEBUG_INFORMATION_FORMAT = dwarf;
				ENABLE_STRICT_OBJC_MSGSEND = YES;
				ENABLE_TESTABILITY = YES;
				ENABLE_USER_SCRIPT_SANDBOXING = YES;
				GCC_C_LANGUAGE_STANDARD = gnu17;
				GCC_DYNAMIC_NO_PIC = NO;
				GCC_NO_COMMON_BLOCKS = YES;
				GCC_OPTIMIZATION_LEVEL = 0;
				GCC_PREPROCESSOR_DEFINITIONS = (
					"DEBUG=1",
					"$(inherited)",
				);
				GCC_WARN_64_TO_32_BIT_CONVERSION = YES;
				GCC_WARN_ABOUT_RETURN_TYPE = YES_ERROR;
				GCC_WARN_UNDECLARED_SELECTOR = YES;
				GCC_WARN_UNINITIALIZED_AUTOS = YES_AGGRESSIVE;
				GCC_WARN_UNUSED_FUNCTION = YES;
				GCC_WARN_UNUSED_VARIABLE = YES;
				IPHONEOS_DEPLOYMENT_TARGET = 17.2;
				LOCALIZATION_PREFERS_STRING_CATALOGS = YES;
				MTL_ENABLE_DEBUG_INFO = INCLUDE_SOURCE;
				MTL_FAST_MATH = YES;
				ONLY_ACTIVE_ARCH = YES;
				SDKROOT = iphoneos;
				SWIFT_ACTIVE_COMPILATION_CONDITIONS = "DEBUG $(inherited)";
				SWIFT_OPTIMIZATION_LEVEL = "-Onone";
			};
			name = Debug;
		};
		3650F0762B6AEE7A0076D527 /* Release */ = {
			isa = XCBuildConfiguration;
			buildSettings = {
				ALWAYS_SEARCH_USER_PATHS = NO;
				ASSETCATALOG_COMPILER_GENERATE_SWIFT_ASSET_SYMBOL_EXTENSIONS = YES;
				CLANG_ANALYZER_NONNULL = YES;
				CLANG_ANALYZER_NUMBER_OBJECT_CONVERSION = YES_AGGRESSIVE;
				CLANG_CXX_LANGUAGE_STANDARD = "gnu++20";
				CLANG_ENABLE_MODULES = YES;
				CLANG_ENABLE_OBJC_ARC = YES;
				CLANG_ENABLE_OBJC_WEAK = YES;
				CLANG_WARN_BLOCK_CAPTURE_AUTORELEASING = YES;
				CLANG_WARN_BOOL_CONVERSION = YES;
				CLANG_WARN_COMMA = YES;
				CLANG_WARN_CONSTANT_CONVERSION = YES;
				CLANG_WARN_DEPRECATED_OBJC_IMPLEMENTATIONS = YES;
				CLANG_WARN_DIRECT_OBJC_ISA_USAGE = YES_ERROR;
				CLANG_WARN_DOCUMENTATION_COMMENTS = YES;
				CLANG_WARN_EMPTY_BODY = YES;
				CLANG_WARN_ENUM_CONVERSION = YES;
				CLANG_WARN_INFINITE_RECURSION = YES;
				CLANG_WARN_INT_CONVERSION = YES;
				CLANG_WARN_NON_LITERAL_NULL_CONVERSION = YES;
				CLANG_WARN_OBJC_IMPLICIT_RETAIN_SELF = YES;
				CLANG_WARN_OBJC_LITERAL_CONVERSION = YES;
				CLANG_WARN_OBJC_ROOT_CLASS = YES_ERROR;
				CLANG_WARN_QUOTED_INCLUDE_IN_FRAMEWORK_HEADER = YES;
				CLANG_WARN_RANGE_LOOP_ANALYSIS = YES;
				CLANG_WARN_STRICT_PROTOTYPES = YES;
				CLANG_WARN_SUSPICIOUS_MOVE = YES;
				CLANG_WARN_UNGUARDED_AVAILABILITY = YES_AGGRESSIVE;
				CLANG_WARN_UNREACHABLE_CODE = YES;
				CLANG_WARN__DUPLICATE_METHOD_MATCH = YES;
				COPY_PHASE_STRIP = NO;
				DEBUG_INFORMATION_FORMAT = "dwarf-with-dsym";
				ENABLE_NS_ASSERTIONS = NO;
				ENABLE_STRICT_OBJC_MSGSEND = YES;
				ENABLE_USER_SCRIPT_SANDBOXING = YES;
				GCC_C_LANGUAGE_STANDARD = gnu17;
				GCC_NO_COMMON_BLOCKS = YES;
				GCC_WARN_64_TO_32_BIT_CONVERSION = YES;
				GCC_WARN_ABOUT_RETURN_TYPE = YES_ERROR;
				GCC_WARN_UNDECLARED_SELECTOR = YES;
				GCC_WARN_UNINITIALIZED_AUTOS = YES_AGGRESSIVE;
				GCC_WARN_UNUSED_FUNCTION = YES;
				GCC_WARN_UNUSED_VARIABLE = YES;
				IPHONEOS_DEPLOYMENT_TARGET = 17.2;
				LOCALIZATION_PREFERS_STRING_CATALOGS = YES;
				MTL_ENABLE_DEBUG_INFO = NO;
				MTL_FAST_MATH = YES;
				SDKROOT = iphoneos;
				SWIFT_COMPILATION_MODE = wholemodule;
				VALIDATE_PRODUCT = YES;
			};
			name = Release;
		};
		3650F0782B6AEE7A0076D527 /* Debug */ = {
			isa = XCBuildConfiguration;
			buildSettings = {
				ASSETCATALOG_COMPILER_APPICON_NAME = AppIcon;
				ASSETCATALOG_COMPILER_GLOBAL_ACCENT_COLOR_NAME = AccentColor;
				CODE_SIGN_IDENTITY = "Apple Development";
				CODE_SIGN_STYLE = Automatic;
				CURRENT_PROJECT_VERSION = 1;
				DEVELOPMENT_ASSET_PATHS = "\"Project Forefront/Preview Content\"";
				DEVELOPMENT_TEAM = 46H4N5ZC8L;
				ENABLE_PREVIEWS = YES;
				GENERATE_INFOPLIST_FILE = YES;
				INFOPLIST_KEY_UIApplicationSceneManifest_Generation = YES;
				INFOPLIST_KEY_UIApplicationSupportsIndirectInputEvents = YES;
				INFOPLIST_KEY_UILaunchScreen_Generation = YES;
				INFOPLIST_KEY_UISupportedInterfaceOrientations = "UIInterfaceOrientationLandscapeLeft UIInterfaceOrientationLandscapeRight";
				LD_RUNPATH_SEARCH_PATHS = (
					"$(inherited)",
					"@executable_path/Frameworks",
				);
				MARKETING_VERSION = 1.0;
				PRODUCT_BUNDLE_IDENTIFIER = comp8051.Project;
				PRODUCT_NAME = "$(TARGET_NAME)";
				PROVISIONING_PROFILE_SPECIFIER = "";
				SWIFT_EMIT_LOC_STRINGS = YES;
				SWIFT_VERSION = 5.0;
				TARGETED_DEVICE_FAMILY = "1,2";
			};
			name = Debug;
		};
		3650F0792B6AEE7A0076D527 /* Release */ = {
			isa = XCBuildConfiguration;
			buildSettings = {
				ASSETCATALOG_COMPILER_APPICON_NAME = AppIcon;
				ASSETCATALOG_COMPILER_GLOBAL_ACCENT_COLOR_NAME = AccentColor;
				CODE_SIGN_IDENTITY = "Apple Development";
				CODE_SIGN_STYLE = Automatic;
				CURRENT_PROJECT_VERSION = 1;
				DEVELOPMENT_ASSET_PATHS = "\"Project Forefront/Preview Content\"";
				DEVELOPMENT_TEAM = 46H4N5ZC8L;
				ENABLE_PREVIEWS = YES;
				GENERATE_INFOPLIST_FILE = YES;
				INFOPLIST_KEY_UIApplicationSceneManifest_Generation = YES;
				INFOPLIST_KEY_UIApplicationSupportsIndirectInputEvents = YES;
				INFOPLIST_KEY_UILaunchScreen_Generation = YES;
				INFOPLIST_KEY_UISupportedInterfaceOrientations = "UIInterfaceOrientationLandscapeLeft UIInterfaceOrientationLandscapeRight";
				LD_RUNPATH_SEARCH_PATHS = (
					"$(inherited)",
					"@executable_path/Frameworks",
				);
				MARKETING_VERSION = 1.0;
				PRODUCT_BUNDLE_IDENTIFIER = comp8051.Project;
				PRODUCT_NAME = "$(TARGET_NAME)";
				PROVISIONING_PROFILE_SPECIFIER = "";
				SWIFT_EMIT_LOC_STRINGS = YES;
				SWIFT_VERSION = 5.0;
				TARGETED_DEVICE_FAMILY = "1,2";
			};
			name = Release;
		};
/* End XCBuildConfiguration section */

/* Begin XCConfigurationList section */
		3650F0642B6AEE780076D527 /* Build configuration list for PBXProject "Project Forefront" */ = {
			isa = XCConfigurationList;
			buildConfigurations = (
				3650F0752B6AEE7A0076D527 /* Debug */,
				3650F0762B6AEE7A0076D527 /* Release */,
			);
			defaultConfigurationIsVisible = 0;
			defaultConfigurationName = Release;
		};
		3650F0772B6AEE7A0076D527 /* Build configuration list for PBXNativeTarget "Project Forefront" */ = {
			isa = XCConfigurationList;
			buildConfigurations = (
				3650F0782B6AEE7A0076D527 /* Debug */,
				3650F0792B6AEE7A0076D527 /* Release */,
			);
			defaultConfigurationIsVisible = 0;
			defaultConfigurationName = Release;
		};
/* End XCConfigurationList section */
	};
	rootObject = 3650F0612B6AEE780076D527 /* Project object */;
}
